
Microsoft Visual Studio Solution File, Format Version 12.00
# Visual Studio 15
VisualStudioVersion = 15.0.28307.1209
MinimumVisualStudioVersion = 10.0.40219.1
Project("{FAE04EC0-301F-11D3-BF4B-00C04F79EFBC}") = "RimAdditionss", "RimAdditionss.csproj", "{28E4063C-51AA-43AE-B23C-EAD8C4A90525}"
EndProject
Global
	GlobalSection(SolutionConfigurationPlatforms) = preSolution
		Debug|Any CPU = Debug|Any CPU
		Release|Any CPU = Release|Any CPU
	EndGlobalSection
	GlobalSection(ProjectConfigurationPlatforms) = postSolution
		{28E4063C-51AA-43AE-B23C-EAD8C4A90525}.Debug|Any CPU.ActiveCfg = Debug|Any CPU
		{28E4063C-51AA-43AE-B23C-EAD8C4A90525}.Debug|Any CPU.Build.0 = Debug|Any CPU
		{28E4063C-51AA-43AE-B23C-EAD8C4A90525}.Release|Any CPU.ActiveCfg = Release|Any CPU
		{28E4063C-51AA-43AE-B23C-EAD8C4A90525}.Release|Any CPU.Build.0 = Release|Any CPU
	EndGlobalSection
	GlobalSection(SolutionProperties) = preSolution
		HideSolutionNode = FALSE
	EndGlobalSection
	GlobalSection(ExtensibilityGlobals) = postSolution
		SolutionGuid = {26120EA7-1D84-47C2-9140-4608499520A4}
	EndGlobalSection
EndGlobal
